{
  "name": "frontend",
  "version": "0.1.0",
  "lockfileVersion": 1,
  "requires": true,
  "dependencies": {
    "react-timestamp": {
      "version": "4.3.0",
      "resolved": "https://registry.npmjs.org/react-timestamp/-/react-timestamp-4.3.0.tgz",
      "integrity": "sha512-zU8VzTEsmEHW6nhlumqKKSEqAqML84pxMQslU9tCeffIxybnI9PnD1Vj3JWwSQ1RoAxyu3pvWxJxpOJihgQvjQ=="
    }
  }
}
